
Microsoft Visual Studio Solution File, Format Version 11.00
# Visual Studio 2010
Project("{FAE04EC0-301F-11D3-BF4B-00C04F79EFBC}") = "com.rlabrecque.steamworks.net", "com.rlabrecque.steamworks.net.csproj", "{889e271b-2afc-03e4-e4af-8f0f05314be6}"
EndProject
Project("{FAE04EC0-301F-11D3-BF4B-00C04F79EFBC}") = "Assembly-CSharp", "Assembly-CSharp.csproj", "{52938cba-a572-6c7b-194b-db3f8f850409}"
EndProject
Project("{FAE04EC0-301F-11D3-BF4B-00C04F79EFBC}") = "com.rlabrecque.steamworks.net.editor", "com.rlabrecque.steamworks.net.editor.csproj", "{866634f4-9c20-0546-b047-901a0ee5d2a1}"
EndProject
Project("{FAE04EC0-301F-11D3-BF4B-00C04F79EFBC}") = "Assembly-CSharp-Editor", "Assembly-CSharp-Editor.csproj", "{0c073e4d-8b77-9c00-b438-b00192eb849f}"
EndProject
Global
	GlobalSection(SolutionConfigurationPlatforms) = preSolution
		Debug|Any CPU = Debug|Any CPU
	EndGlobalSection
	GlobalSection(ProjectConfigurationPlatforms) = postSolution
		{889e271b-2afc-03e4-e4af-8f0f05314be6}.Debug|Any CPU.ActiveCfg = Debug|Any CPU
		{889e271b-2afc-03e4-e4af-8f0f05314be6}.Debug|Any CPU.Build.0 = Debug|Any CPU
		{52938cba-a572-6c7b-194b-db3f8f850409}.Debug|Any CPU.ActiveCfg = Debug|Any CPU
		{52938cba-a572-6c7b-194b-db3f8f850409}.Debug|Any CPU.Build.0 = Debug|Any CPU
		{866634f4-9c20-0546-b047-901a0ee5d2a1}.Debug|Any CPU.ActiveCfg = Debug|Any CPU
		{866634f4-9c20-0546-b047-901a0ee5d2a1}.Debug|Any CPU.Build.0 = Debug|Any CPU
		{0c073e4d-8b77-9c00-b438-b00192eb849f}.Debug|Any CPU.ActiveCfg = Debug|Any CPU
		{0c073e4d-8b77-9c00-b438-b00192eb849f}.Debug|Any CPU.Build.0 = Debug|Any CPU
	EndGlobalSection
	GlobalSection(SolutionProperties) = preSolution
		HideSolutionNode = FALSE
	EndGlobalSection
EndGlobal
